github.com/bytedance/sonic v1.9.1 h1:6ZemKrUYNFY8ChNm+羽/5y2aUK2L3N/5fWqTqk3cW8=
github.com/bytedance/sonic v1.9.1/go.mod h1:KWuXL7qwP5XetoQyK4E1S1o7L2eiT1m4YB8Lg7Dq2Tk=
github.com/chenzhuoyu/base64x v0.0.0-20221115062448-fe3a3abad311 h1:MP0R4z4Z/KN/54R30lLMi1qP7G8Ei33UpLJQVpRwyA=
github.com/chenzhuoyu/base64x v0.0.0-20221115062448-fe3a3abad311/go.mod h1:y3X2M0PoA9k9X0EI4JqC4Wj7Q9xKi+1O3Jq9lN4y8U=
github.com/gabriel-vasile/mimetype v1.4.2 h1:w5qFW6JKBz9V19U5LYtWcyLPtr3w+iJGH6dUgXkQiA=
github.com/gabriel-vasile/mimetype v1.4.2/go.mod h1:z6LsISk0CX5bV8SSsryQqALUQTb0IXdQ2QlgN43j1s=
github.com/gin-contrib/sse v0.1.0 h1:Y/7wPkMOqNqXHkWPREQC08qRlnMClqV7LrydT1Sjk9M=
github.com/gin-contrib/sse v0.1.0/go.mod h1:RdZEXXGMdUKGcdG4bKJE4H/ElYFPdQ7lW0I1Y1O0xY=
github.com/gin-gonic/gin v1.9.1 h1:4cZfQ0AH8cxLPKMBSh/Gymb7q4S6DPjT7lZAH67IR0=
github.com/gin-gonic/gin v1.9.1/go.mod h1:8JC6GVFxlXJRHPfCirTa1SP2LgsnDIjduCdWNIu7fWc=
github.com/go-playground/locales v0.14.1 h1:EWaQ/wswjl5p+2zAc3TcK4B4G1gqHLcPmk5q2cU5Vgc=
github.com/go-playground/locales v0.14.1/go.mod h1:YR2FD+5tvP9J3D1R6qLRgiRgYDMJS0MaQa4nr0jni4=
github.com/go-playground/universal-translator v0.18.1 h1:xemz8vn4FjVvp4qTVLuHY0Y+C2v7O9E8j2lSVsNiTUk=
github.com/go-playground/universal-translator v0.18.1/go.mod h1:Uv0wVN3Lxc1n0PtqbxH2Y1eMmAjMioZ+txBKd5MrQ0=
github.com/go-playground/validator/v10 v10.14.0 h1:9YEXi1GNfYjFQCv9B+azG2fV6qfFPg8B6SQEwYvzQU=
github.com/go-playground/validator/v10 v10.14.0/go.mod h1:5B7qV9FKpxxqG+4QPLFj+OLNkpSNGQ3W/VMC5dQ3bY=
github.com/goccy/go-json v0.10.2 h1:fbH0qfXDUZxqHlYpWjjJWs1F9rV4R4s/c3NwrQR+m8=
github.com/goccy/go-json v0.10.2/go.mod h1:YdZcnhOD7Qq2P5p2w3F0aEVLaoa0y9f2iL9r8fTvPQ=
github.com/google/uuid v1.6.0 h1:NIvaJDMOsjHA8n1jAhLSgzrAzy1Hgr+hNrb57e+94F0=
github.com/google/uuid v1.6.0/go.mod h1:TIyPZe4MgqvfeYDBFedMoGGpEw/LqOeaOT+nhxU+yHo=
github.com/gorilla/websocket v1.5.1 h1:jsz1LSGrPnc4JUVlyj5NvNiMF5VDmYfh5bNV+TvPgC8=
github.com/gorilla/websocket v1.5.1/go.mod h1:Y3DB2GGoI4nNdzJ3MUY01Spo4AwQzm46qm1BLanvJCs=
github.com/json-iterator/go v1.1.12 h1:PV8peI4a0ysnczrg+LtxykD8LfKY9ML6u2jnxaEnrnM=
github.com/json-iterator/go v1.1.12/go.mod h1:e30LSqwooZae/UwlEbR2852Gd8hjQvJoHmT4TnhNGBo=
github.com/klauspost/cpuid/v2 v2.2.4 h1:1ckHHlvs65H5+J6mQFkdzEk9K8f2rSIZtY1w1tK4ho=
github.com/klauspost/cpuid/v2 v2.2.4/go.mod h1:fOBb3lDr8PE6BydddP4QkDqGqBAcgqNA0C6F8ApjNU=
github.com/leodido/go-urn v1.2.4 h1:/DrPmcZ8tZv8J2VEGZVF9W3ef5UTj4bI4ca0kQboEfQ=
github.com/leodido/go-urn v1.2.4/go.mod h1:8TfxU8dW6PdqD27gjM8MVNuicgxIjxpm4K7x4jp8sis=
github.com/mattn/go-isatty v0.0.19 h1:JITubQf0MOLdlGRuRq+jtsDlekdYPia9ZFsB8h/APPA=
github.com/mattn/go-isatty v0.0.19/go.mod h1:W+V8PltTTMOvKvAeJH7IuucS94S2C6jfK/D7dTCTo3Y=
github.com/modern-go/concurrent v0.0.0-20180306012644-bacd9c7ef1dd h1:TRLaZ9cD/w8PVh93nsPXa1VrQ6jlwL5oN8l14QlcNfg=
github.com/modern-go/concurrent v0.0.0-20180306012644-bacd9c7ef1dd/go.mod h1:6dJC0mAP4ikYIbvyc7fijjWJddQyLn8Ig3JB5CqoB9Q=
github.com/modern-go/reflect2 v1.0.2 h1:xBagoLtFs94CBntxluKeaWgTMpvLxC4ur3nMaC9Gz0M=
github.com/modern-go/reflect2 v1.0.2/go.mod h1:yWuevngMOJpCy52FWWMvUC8ws7m/LJsjYzDa0/r8luk=
github.com/pelletier/go-toml/v2 v2.0.8 h1:UpHqWJ耀xYB3K0FlMU8xJk07h0TXfVi6/WLEi8zXkM=
github.com/pelletier/go-toml/v2 v2.0.8/go.mod h1:tJU2Z3ZkXwnxa4DPO899bsyIoywizdUvyaeZurnPPDc=
github.com/twitchyliquid64/golang-asm v0.15.1 h1:el+8VpX1lv/3Up3MWP9Vnq3mn8U5Jqh6TIhMUXPNQiw=
github.com/twitchyliquid64/golang-asm v0.15.1/go.mod h1:5FwNVh5TvwL7KqH7eT5a3DK17R8oS6S3L8a6g2s5vRY=
github.com/ugorji/go/codec v1.2.11 h1:2SvQaD3zJE7QCL3WgdL9h8q/Ixw8Hpl3r/gi+MQ0GYM=
github.com/ugorji/go/codec v1.2.11/go.mod h1:UN1xIH9r75W1U1x0j/w6z7GEX8Ji7K/W4E1vY6q3+M=
golang.org/x/arch v0.3.0 h1:2lQN6dQ45FBtx0SqB9RAxPN3fX3m+9qEFEMiYhO0f6c=
golang.org/x/arch v0.3.0/go.mod h1:5omRASz0IZJ4Gflq2vk8L4ybV0BvNXsKlvB3k2O3HM=
golang.org/x/crypto v0.9.0 h1:LF1Gqnp42p6Mu17O6U9gY7xjps4IPl1OtxR0XBMY0I=
golang.org/x/crypto v0.9.0/go.mod h1:y9I1RL6lPNxtL7xvPJG/O4OBYJ9ktNBbXwJfzxfSuB0=
golang.org/x/net v0.10.0 h1:FMMONPlqGnc3jDNamckw6kN3A88G7F+fY1CQU7X7YCM=
golang.org/x/net v0.10.0/go.mod h1:0qB3Kq0l46lM03Es5QMMdNRU4TMDQ5TPLCd2G4S2R8=
golang.org/x/sys v0.8.0 h1:EBmLvzQvr3WnBVk7I5VF6Jy7LGp55jY5JLVs1dWPOQ=
golang.org/x/sys v0.8.0/go.mod h1:/VUhepiaJMQUp4+27nXVni1TAo429viT9UP7TSUfjA8=
golang.org/x/text v0.9.0 h1:2alkj/4wvC3u6O1H8nq7qC5xDnVHNkw/7bY3+PRLP4=
golang.org/x/text v0.9.0/go.mod h1:e1On3K3bLn7r2M3M5Q5v7WMuW3bzTdNlQmt0a7l9o6E=
google.golang.org/protobuf v1.30.0 h1:3qHgqOQ2h7aI+2bXGHVWRlJtyGl8C+meL9OmlmXJe8=
google.golang.org/protobuf v1.30.0/go.mod h1:HV8QOd/L58Z+nl8r43ehVNZIU/HEI6OcFqwMG9pJV4I=
gopkg.in/check.v1 v0.0.0-20161208181325-20d25e280405/go.mod h1:Co6ibVJAznAaIkqp8huTwlJQCZ016jof/cbN4VW5Yz0=
gopkg.in/yaml.v2 v2.4.0 h1:D8xgwECY7CYvx+Y2n4sBz93Jn9JRvxdiyyo8CTfuKaY=
gopkg.in/yaml.v2 v2.4.0/go.mod h1:RDklbk79AGWmwhnvt/jBztapEOGDOx6ZbXqjP6csGnQ=
gopkg.in/yaml.v3 v3.0.1 h1:fxVm/GzAzEWqLHuvctI91KS9hhNmmWOoWu0XTYJS7CA=
gopkg.in/yaml.v3 v3.0.1/go.mod h1:K4uyk7z7BCEPqu6E+C64Yfv1cQ7kz7rIZviUmN+EgEM=
gopkg.in/check.v1 v0.0.0-20161208181325-20d25e280405/go.mod h1:Co6ibVJAznAaIkqp8huTwlJQCZ016jof/cbN4VW5Yz0=
gopkg.in/yaml.v3 v3.0.1 h1:fxVm/GzAzEWqLHuvctI91KS9hhNmmWOoWu0XTYJS7CA=
gopkg.in/yaml.v3 v3.0.1/go.mod h1:K4uyk7z7BCEPqu6E+C64Yfv1cQ7kz7rIZviUmN+EgEM=